
Microsoft Visual Studio Solution File, Format Version 12.00
# Visual Studio Version 16
VisualStudioVersion = 16.0.30611.23
MinimumVisualStudioVersion = 10.0.40219.1
Project("{FAE04EC0-301F-11D3-BF4B-00C04F79EFBC}") = "SpecFlowSeleniumBDD", "SpecFlowSeleniumBDD.csproj", "{BD4A0AF8-1110-43B9-A928-DBEC8A376FAF}"
EndProject
Global
	GlobalSection(SolutionConfigurationPlatforms) = preSolution
		Debug|Any CPU = Debug|Any CPU
		Release|Any CPU = Release|Any CPU
	EndGlobalSection
	GlobalSection(ProjectConfigurationPlatforms) = postSolution
		{BD4A0AF8-1110-43B9-A928-DBEC8A376FAF}.Debug|Any CPU.ActiveCfg = Debug|Any CPU
		{BD4A0AF8-1110-43B9-A928-DBEC8A376FAF}.Debug|Any CPU.Build.0 = Debug|Any CPU
		{BD4A0AF8-1110-43B9-A928-DBEC8A376FAF}.Release|Any CPU.ActiveCfg = Release|Any CPU
		{BD4A0AF8-1110-43B9-A928-DBEC8A376FAF}.Release|Any CPU.Build.0 = Release|Any CPU
	EndGlobalSection
	GlobalSection(SolutionProperties) = preSolution
		HideSolutionNode = FALSE
	EndGlobalSection
	GlobalSection(ExtensibilityGlobals) = postSolution
		SolutionGuid = {86936BEE-B0AA-4B31-82F2-38736AC785C0}
	EndGlobalSection
EndGlobal
