
Microsoft Visual Studio Solution File, Format Version 12.00
# Visual Studio Version 16
VisualStudioVersion = 16.0.30611.23
MinimumVisualStudioVersion = 10.0.40219.1
Project("{FAE04EC0-301F-11D3-BF4B-00C04F79EFBC}") = "SpecFlowBDDTema28", "SpecFlowBDDTema28.csproj", "{569D0D10-34BC-4547-AD54-EC7616BC9B0D}"
EndProject
Global
	GlobalSection(SolutionConfigurationPlatforms) = preSolution
		Debug|Any CPU = Debug|Any CPU
		Release|Any CPU = Release|Any CPU
	EndGlobalSection
	GlobalSection(ProjectConfigurationPlatforms) = postSolution
		{569D0D10-34BC-4547-AD54-EC7616BC9B0D}.Debug|Any CPU.ActiveCfg = Debug|Any CPU
		{569D0D10-34BC-4547-AD54-EC7616BC9B0D}.Debug|Any CPU.Build.0 = Debug|Any CPU
		{569D0D10-34BC-4547-AD54-EC7616BC9B0D}.Release|Any CPU.ActiveCfg = Release|Any CPU
		{569D0D10-34BC-4547-AD54-EC7616BC9B0D}.Release|Any CPU.Build.0 = Release|Any CPU
	EndGlobalSection
	GlobalSection(SolutionProperties) = preSolution
		HideSolutionNode = FALSE
	EndGlobalSection
	GlobalSection(ExtensibilityGlobals) = postSolution
		SolutionGuid = {34B887A7-E84F-441D-8FED-B13AB503C23C}
	EndGlobalSection
EndGlobal
